
Microsoft Visual Studio Solution File, Format Version 12.00
# Visual Studio Version 16
VisualStudioVersion = 16.0.31424.327
MinimumVisualStudioVersion = 10.0.40219.1
Project("{FAE04EC0-301F-11D3-BF4B-00C04F79EFBC}") = "ApiPushOnGit", "ApiPushOnGit\ApiPushOnGit.csproj", "{F933B72C-1FD9-4DD2-878D-0141CBEEB258}"
EndProject
Global
	GlobalSection(SolutionConfigurationPlatforms) = preSolution
		Debug|Any CPU = Debug|Any CPU
		Release|Any CPU = Release|Any CPU
	EndGlobalSection
	GlobalSection(ProjectConfigurationPlatforms) = postSolution
		{F933B72C-1FD9-4DD2-878D-0141CBEEB258}.Debug|Any CPU.ActiveCfg = Debug|Any CPU
		{F933B72C-1FD9-4DD2-878D-0141CBEEB258}.Debug|Any CPU.Build.0 = Debug|Any CPU
		{F933B72C-1FD9-4DD2-878D-0141CBEEB258}.Release|Any CPU.ActiveCfg = Release|Any CPU
		{F933B72C-1FD9-4DD2-878D-0141CBEEB258}.Release|Any CPU.Build.0 = Release|Any CPU
	EndGlobalSection
	GlobalSection(SolutionProperties) = preSolution
		HideSolutionNode = FALSE
	EndGlobalSection
	GlobalSection(ExtensibilityGlobals) = postSolution
		SolutionGuid = {46D7CCD9-46F4-46E4-9EAD-0900333CD5AF}
	EndGlobalSection
EndGlobal
